
Microsoft Visual Studio Solution File, Format Version 12.00
# Visual Studio Version 17
VisualStudioVersion = 17.2.32630.192
MinimumVisualStudioVersion = 10.0.40219.1
Project("{2150E333-8FDC-42A3-9474-1A3956D46DE8}") = "src", "src", "{63674C21-8309-488A-A43B-C4BEC1FE4CCD}"
EndProject
Project("{2150E333-8FDC-42A3-9474-1A3956D46DE8}") = "tests", "tests", "{B2074757-2B9C-478C-AE1A-A218831193D2}"
EndProject
Project("{9A19103F-16F7-4668-BE54-9A1E7A4F7556}") = "Application", "src\Application\Application.csproj", "{19D6763B-A749-490C-8DA5-8330CB17E7C9}"
EndProject
Project("{9A19103F-16F7-4668-BE54-9A1E7A4F7556}") = "Domain", "src\Domain\Domain.csproj", "{96189CA7-BD70-4A7F-A696-9DD0822C0E9F}"
EndProject
Project("{9A19103F-16F7-4668-BE54-9A1E7A4F7556}") = "Infrastructure", "src\Infrastructure\Infrastructure.csproj", "{BE463AAD-DE9B-4498-AB53-0E65B43B517C}"
EndProject
Project("{9A19103F-16F7-4668-BE54-9A1E7A4F7556}") = "WebApi", "src\WebApi\WebApi.csproj", "{C2289B78-EA3C-4292-8F5F-7C89D2D3CF80}"
EndProject
Project("{9A19103F-16F7-4668-BE54-9A1E7A4F7556}") = "UnitTests", "tests\UnitTests\UnitTests.csproj", "{DDC8357B-775D-4DF0-A605-13DB44A36460}"
EndProject
Project("{9A19103F-16F7-4668-BE54-9A1E7A4F7556}") = "IntegrationTests", "tests\IntegrationTests\IntegrationTests.csproj", "{7148F6AF-97BB-4A8C-899E-08BF72819833}"
EndProject
Global
	GlobalSection(SolutionConfigurationPlatforms) = preSolution
		Debug|Any CPU = Debug|Any CPU
		Release|Any CPU = Release|Any CPU
	EndGlobalSection
	GlobalSection(ProjectConfigurationPlatforms) = postSolution
		{19D6763B-A749-490C-8DA5-8330CB17E7C9}.Debug|Any CPU.ActiveCfg = Debug|Any CPU
		{19D6763B-A749-490C-8DA5-8330CB17E7C9}.Debug|Any CPU.Build.0 = Debug|Any CPU
		{19D6763B-A749-490C-8DA5-8330CB17E7C9}.Release|Any CPU.ActiveCfg = Release|Any CPU
		{19D6763B-A749-490C-8DA5-8330CB17E7C9}.Release|Any CPU.Build.0 = Release|Any CPU
		{96189CA7-BD70-4A7F-A696-9DD0822C0E9F}.Debug|Any CPU.ActiveCfg = Debug|Any CPU
		{96189CA7-BD70-4A7F-A696-9DD0822C0E9F}.Debug|Any CPU.Build.0 = Debug|Any CPU
		{96189CA7-BD70-4A7F-A696-9DD0822C0E9F}.Release|Any CPU.ActiveCfg = Release|Any CPU
		{96189CA7-BD70-4A7F-A696-9DD0822C0E9F}.Release|Any CPU.Build.0 = Release|Any CPU
		{BE463AAD-DE9B-4498-AB53-0E65B43B517C}.Debug|Any CPU.ActiveCfg = Debug|Any CPU
		{BE463AAD-DE9B-4498-AB53-0E65B43B517C}.Debug|Any CPU.Build.0 = Debug|Any CPU
		{BE463AAD-DE9B-4498-AB53-0E65B43B517C}.Release|Any CPU.ActiveCfg = Release|Any CPU
		{BE463AAD-DE9B-4498-AB53-0E65B43B517C}.Release|Any CPU.Build.0 = Release|Any CPU
		{C2289B78-EA3C-4292-8F5F-7C89D2D3CF80}.Debug|Any CPU.ActiveCfg = Debug|Any CPU
		{C2289B78-EA3C-4292-8F5F-7C89D2D3CF80}.Debug|Any CPU.Build.0 = Debug|Any CPU
		{C2289B78-EA3C-4292-8F5F-7C89D2D3CF80}.Release|Any CPU.ActiveCfg = Release|Any CPU
		{C2289B78-EA3C-4292-8F5F-7C89D2D3CF80}.Release|Any CPU.Build.0 = Release|Any CPU
		{DDC8357B-775D-4DF0-A605-13DB44A36460}.Debug|Any CPU.ActiveCfg = Debug|Any CPU
		{DDC8357B-775D-4DF0-A605-13DB44A36460}.Debug|Any CPU.Build.0 = Debug|Any CPU
		{DDC8357B-775D-4DF0-A605-13DB44A36460}.Release|Any CPU.ActiveCfg = Release|Any CPU
		{DDC8357B-775D-4DF0-A605-13DB44A36460}.Release|Any CPU.Build.0 = Release|Any CPU
		{7148F6AF-97BB-4A8C-899E-08BF72819833}.Debug|Any CPU.ActiveCfg = Debug|Any CPU
		{7148F6AF-97BB-4A8C-899E-08BF72819833}.Debug|Any CPU.Build.0 = Debug|Any CPU
		{7148F6AF-97BB-4A8C-899E-08BF72819833}.Release|Any CPU.ActiveCfg = Release|Any CPU
		{7148F6AF-97BB-4A8C-899E-08BF72819833}.Release|Any CPU.Build.0 = Release|Any CPU
	EndGlobalSection
	GlobalSection(SolutionProperties) = preSolution
		HideSolutionNode = FALSE
	EndGlobalSection
	GlobalSection(NestedProjects) = preSolution
		{19D6763B-A749-490C-8DA5-8330CB17E7C9} = {63674C21-8309-488A-A43B-C4BEC1FE4CCD}
		{96189CA7-BD70-4A7F-A696-9DD0822C0E9F} = {63674C21-8309-488A-A43B-C4BEC1FE4CCD}
		{BE463AAD-DE9B-4498-AB53-0E65B43B517C} = {63674C21-8309-488A-A43B-C4BEC1FE4CCD}
		{C2289B78-EA3C-4292-8F5F-7C89D2D3CF80} = {63674C21-8309-488A-A43B-C4BEC1FE4CCD}
		{DDC8357B-775D-4DF0-A605-13DB44A36460} = {B2074757-2B9C-478C-AE1A-A218831193D2}
		{7148F6AF-97BB-4A8C-899E-08BF72819833} = {B2074757-2B9C-478C-AE1A-A218831193D2}
	EndGlobalSection
	GlobalSection(ExtensibilityGlobals) = postSolution
		SolutionGuid = {D258895A-7121-4D2C-BD16-23DDBDDEAD73}
	EndGlobalSection
EndGlobal
