
Microsoft Visual Studio Solution File, Format Version 12.00
# Visual Studio Version 17
VisualStudioVersion = 17.2.32630.192
MinimumVisualStudioVersion = 10.0.40219.1
Project("{FAE04EC0-301F-11D3-BF4B-00C04F79EFBC}") = "ClassLibrary1", "ClassLibrary1\ClassLibrary1.csproj", "{B2BE5683-21FC-4FD8-9079-EED7E9AFE82B}"
EndProject
Project("{FAE04EC0-301F-11D3-BF4B-00C04F79EFBC}") = "ConsoleApp1", "ConsoleApp1\ConsoleApp1.csproj", "{517B3357-D125-4E6D-8603-D73CCABC5222}"
EndProject
Global
	GlobalSection(SolutionConfigurationPlatforms) = preSolution
		Debug|Any CPU = Debug|Any CPU
		Release|Any CPU = Release|Any CPU
	EndGlobalSection
	GlobalSection(ProjectConfigurationPlatforms) = postSolution
		{B2BE5683-21FC-4FD8-9079-EED7E9AFE82B}.Debug|Any CPU.ActiveCfg = Debug|Any CPU
		{B2BE5683-21FC-4FD8-9079-EED7E9AFE82B}.Debug|Any CPU.Build.0 = Debug|Any CPU
		{B2BE5683-21FC-4FD8-9079-EED7E9AFE82B}.Release|Any CPU.ActiveCfg = Release|Any CPU
		{B2BE5683-21FC-4FD8-9079-EED7E9AFE82B}.Release|Any CPU.Build.0 = Release|Any CPU
		{517B3357-D125-4E6D-8603-D73CCABC5222}.Debug|Any CPU.ActiveCfg = Debug|Any CPU
		{517B3357-D125-4E6D-8603-D73CCABC5222}.Debug|Any CPU.Build.0 = Debug|Any CPU
		{517B3357-D125-4E6D-8603-D73CCABC5222}.Release|Any CPU.ActiveCfg = Release|Any CPU
		{517B3357-D125-4E6D-8603-D73CCABC5222}.Release|Any CPU.Build.0 = Release|Any CPU
	EndGlobalSection
	GlobalSection(SolutionProperties) = preSolution
		HideSolutionNode = FALSE
	EndGlobalSection
	GlobalSection(ExtensibilityGlobals) = postSolution
		SolutionGuid = {D258895A-7121-4D2C-BD16-23DDBDDEAD73}
	EndGlobalSection
EndGlobal
