
Microsoft Visual Studio Solution File, Format Version 12.00
# Visual Studio Version 17
VisualStudioVersion = 17.2.32630.192
MinimumVisualStudioVersion = 10.0.40219.1
Project("{9A19103F-16F7-4668-BE54-9A1E7A4F7556}") = "Domain", "ClassLibrary1\Domain.csproj", "{B2BE5683-21FC-4FD8-9079-EED7E9AFE82B}"
EndProject
Project("{9A19103F-16F7-4668-BE54-9A1E7A4F7556}") = "Application", "Application\Application.csproj", "{B9F84C03-492C-4560-8458-ADF59AC1B2A3}"
EndProject
Project("{9A19103F-16F7-4668-BE54-9A1E7A4F7556}") = "Infrastructure", "Infrastructure\Infrastructure.csproj", "{20ED3AE5-4C17-4C99-9F70-CFEA9F20C217}"
EndProject
Project("{9A19103F-16F7-4668-BE54-9A1E7A4F7556}") = "Test", "Test\Test.csproj", "{BBBF05A2-2590-4DCB-B59F-A9B7E5A9CDF0}"
EndProject
Project("{9A19103F-16F7-4668-BE54-9A1E7A4F7556}") = "WebAPI", "WebAPI\WebAPI.csproj", "{5EC4D4F8-7895-4161-9643-8BA7FFF9232B}"
EndProject
Global
	GlobalSection(SolutionConfigurationPlatforms) = preSolution
		Debug|Any CPU = Debug|Any CPU
		Release|Any CPU = Release|Any CPU
	EndGlobalSection
	GlobalSection(ProjectConfigurationPlatforms) = postSolution
		{B2BE5683-21FC-4FD8-9079-EED7E9AFE82B}.Debug|Any CPU.ActiveCfg = Debug|Any CPU
		{B2BE5683-21FC-4FD8-9079-EED7E9AFE82B}.Debug|Any CPU.Build.0 = Debug|Any CPU
		{B2BE5683-21FC-4FD8-9079-EED7E9AFE82B}.Release|Any CPU.ActiveCfg = Release|Any CPU
		{B2BE5683-21FC-4FD8-9079-EED7E9AFE82B}.Release|Any CPU.Build.0 = Release|Any CPU
		{B9F84C03-492C-4560-8458-ADF59AC1B2A3}.Debug|Any CPU.ActiveCfg = Debug|Any CPU
		{B9F84C03-492C-4560-8458-ADF59AC1B2A3}.Debug|Any CPU.Build.0 = Debug|Any CPU
		{B9F84C03-492C-4560-8458-ADF59AC1B2A3}.Release|Any CPU.ActiveCfg = Release|Any CPU
		{B9F84C03-492C-4560-8458-ADF59AC1B2A3}.Release|Any CPU.Build.0 = Release|Any CPU
		{20ED3AE5-4C17-4C99-9F70-CFEA9F20C217}.Debug|Any CPU.ActiveCfg = Debug|Any CPU
		{20ED3AE5-4C17-4C99-9F70-CFEA9F20C217}.Debug|Any CPU.Build.0 = Debug|Any CPU
		{20ED3AE5-4C17-4C99-9F70-CFEA9F20C217}.Release|Any CPU.ActiveCfg = Release|Any CPU
		{20ED3AE5-4C17-4C99-9F70-CFEA9F20C217}.Release|Any CPU.Build.0 = Release|Any CPU
		{BBBF05A2-2590-4DCB-B59F-A9B7E5A9CDF0}.Debug|Any CPU.ActiveCfg = Debug|Any CPU
		{BBBF05A2-2590-4DCB-B59F-A9B7E5A9CDF0}.Debug|Any CPU.Build.0 = Debug|Any CPU
		{BBBF05A2-2590-4DCB-B59F-A9B7E5A9CDF0}.Release|Any CPU.ActiveCfg = Release|Any CPU
		{BBBF05A2-2590-4DCB-B59F-A9B7E5A9CDF0}.Release|Any CPU.Build.0 = Release|Any CPU
		{5EC4D4F8-7895-4161-9643-8BA7FFF9232B}.Debug|Any CPU.ActiveCfg = Debug|Any CPU
		{5EC4D4F8-7895-4161-9643-8BA7FFF9232B}.Debug|Any CPU.Build.0 = Debug|Any CPU
		{5EC4D4F8-7895-4161-9643-8BA7FFF9232B}.Release|Any CPU.ActiveCfg = Release|Any CPU
		{5EC4D4F8-7895-4161-9643-8BA7FFF9232B}.Release|Any CPU.Build.0 = Release|Any CPU
	EndGlobalSection
	GlobalSection(SolutionProperties) = preSolution
		HideSolutionNode = FALSE
	EndGlobalSection
	GlobalSection(ExtensibilityGlobals) = postSolution
		SolutionGuid = {D258895A-7121-4D2C-BD16-23DDBDDEAD73}
	EndGlobalSection
EndGlobal
